
Microsoft Visual Studio Solution File, Format Version 12.00
# Visual Studio Version 16
VisualStudioVersion = 16.0.30413.136
MinimumVisualStudioVersion = 10.0.40219.1
Project("{FAE04EC0-301F-11D3-BF4B-00C04F79EFBC}") = "MIS4200_1045", "MIS4200_1045.csproj", "{D23BA7B2-3C27-4955-85BC-73D1B2332173}"
EndProject
Global
	GlobalSection(SolutionConfigurationPlatforms) = preSolution
		Debug|Any CPU = Debug|Any CPU
		Release|Any CPU = Release|Any CPU
	EndGlobalSection
	GlobalSection(ProjectConfigurationPlatforms) = postSolution
		{D23BA7B2-3C27-4955-85BC-73D1B2332173}.Debug|Any CPU.ActiveCfg = Debug|Any CPU
		{D23BA7B2-3C27-4955-85BC-73D1B2332173}.Debug|Any CPU.Build.0 = Debug|Any CPU
		{D23BA7B2-3C27-4955-85BC-73D1B2332173}.Release|Any CPU.ActiveCfg = Release|Any CPU
		{D23BA7B2-3C27-4955-85BC-73D1B2332173}.Release|Any CPU.Build.0 = Release|Any CPU
	EndGlobalSection
	GlobalSection(SolutionProperties) = preSolution
		HideSolutionNode = FALSE
	EndGlobalSection
	GlobalSection(ExtensibilityGlobals) = postSolution
		SolutionGuid = {C77DBFC7-3655-46CA-B748-D7ACB13EE123}
	EndGlobalSection
EndGlobal
